{
  "name": "@tacc/html-filter-sort",
  "version": "0.1.4",
  "lockfileVersion": 3,
  "requires": true,
  "packages": {
    "": {
      "name": "@tacc/html-filter-sort",
      "version": "0.1.4",
      "license": "MIT",
      "engines": {
        "node": ">=20.x",
        "npm": ">=7.x"
      }
    }
  }
}
